
Microsoft Visual Studio Solution File, Format Version 12.00
# Visual Studio 15
VisualStudioVersion = 15.0.28307.1259
MinimumVisualStudioVersion = 10.0.40219.1
Project("{FAE04EC0-301F-11D3-BF4B-00C04F79EFBC}") = "programa5-ejemplo memoria Local", "programa5-ejemplo memoria Local\programa5-ejemplo memoria Local.csproj", "{AA43662F-DEB1-4B51-8B55-8B20E1108E04}"
EndProject
Global
	GlobalSection(SolutionConfigurationPlatforms) = preSolution
		Debug|Any CPU = Debug|Any CPU
		Release|Any CPU = Release|Any CPU
	EndGlobalSection
	GlobalSection(ProjectConfigurationPlatforms) = postSolution
		{AA43662F-DEB1-4B51-8B55-8B20E1108E04}.Debug|Any CPU.ActiveCfg = Debug|Any CPU
		{AA43662F-DEB1-4B51-8B55-8B20E1108E04}.Debug|Any CPU.Build.0 = Debug|Any CPU
		{AA43662F-DEB1-4B51-8B55-8B20E1108E04}.Release|Any CPU.ActiveCfg = Release|Any CPU
		{AA43662F-DEB1-4B51-8B55-8B20E1108E04}.Release|Any CPU.Build.0 = Release|Any CPU
	EndGlobalSection
	GlobalSection(SolutionProperties) = preSolution
		HideSolutionNode = FALSE
	EndGlobalSection
	GlobalSection(ExtensibilityGlobals) = postSolution
		SolutionGuid = {7AA8A2F6-ED35-4698-9ECB-563684531499}
	EndGlobalSection
EndGlobal
